
Microsoft Visual Studio Solution File, Format Version 12.00
# Visual Studio Version 16
VisualStudioVersion = 16.0.31702.278
MinimumVisualStudioVersion = 10.0.40219.1
Project("{9A19103F-16F7-4668-BE54-9A1E7A4F7556}") = "WarehouseAutomation", "WarehouseAutomation\WarehouseAutomation.csproj", "{7FA070BE-C179-46C8-92B4-CF01DE2016EA}"
EndProject
Global
	GlobalSection(SolutionConfigurationPlatforms) = preSolution
		Debug|Any CPU = Debug|Any CPU
		Release|Any CPU = Release|Any CPU
	EndGlobalSection
	GlobalSection(ProjectConfigurationPlatforms) = postSolution
		{7FA070BE-C179-46C8-92B4-CF01DE2016EA}.Debug|Any CPU.ActiveCfg = Debug|Any CPU
		{7FA070BE-C179-46C8-92B4-CF01DE2016EA}.Debug|Any CPU.Build.0 = Debug|Any CPU
		{7FA070BE-C179-46C8-92B4-CF01DE2016EA}.Release|Any CPU.ActiveCfg = Release|Any CPU
		{7FA070BE-C179-46C8-92B4-CF01DE2016EA}.Release|Any CPU.Build.0 = Release|Any CPU
	EndGlobalSection
	GlobalSection(SolutionProperties) = preSolution
		HideSolutionNode = FALSE
	EndGlobalSection
	GlobalSection(ExtensibilityGlobals) = postSolution
		SolutionGuid = {56A4A596-AC71-4C13-9D48-F53FB62AA8F8}
	EndGlobalSection
EndGlobal
